// !$*UTF8*$!
{
	archiveVersion = 1;
	classes = {
	};
	objectVersion = 77;
	objects = {

/* Begin PBXBuildFile section */
		030B4800DCC13C10C117D54D /* ThreadDetailStoreTests.swift in Sources */ = {isa = PBXBuildFile; fileRef = F9C3D49CF36AB4945916A749 /* ThreadDetailStoreTests.swift */; };
		08757DA9CF90EECF74468A35 /* AppLifecycleCoordinator.swift in Sources */ = {isa = PBXBuildFile; fileRef = D0ED12D9B6DD8F64B1253A01 /* AppLifecycleCoordinator.swift */; };
		08C32D79593965966136996A /* DockStore.swift in Sources */ = {isa = PBXBuildFile; fileRef = 7A42B2061F9E45C1B6935F08 /* DockStore.swift */; };
		0B0323F75A5305EB84D9B0AB /* AppServerThreadDetailSession.swift in Sources */ = {isa = PBXBuildFile; fileRef = 3F035F07B0BBC9BE740ED620 /* AppServerThreadDetailSession.swift */; };
		0F359E7574542DEBD9781C15 /* TurnDTO.swift in Sources */ = {isa = PBXBuildFile; fileRef = 0549BF0ED081727D34323CBA /* TurnDTO.swift */; };
		1463EC33BFEF2CA641D47CAE /* ArchiveStore.swift in Sources */ = {isa = PBXBuildFile; fileRef = FA032FF8D4142A8D3461B7DE /* ArchiveStore.swift */; };
		1BFBBBFFA3E7C5115F4B9897 /* AppServerMethods.swift in Sources */ = {isa = PBXBuildFile; fileRef = ACA75584AA40FC172ED36E9D /* AppServerMethods.swift */; };
		1E86F12DB4ADEA5C3AE94D88 /* ThreadListMappingTests.swift in Sources */ = {isa = PBXBuildFile; fileRef = 4487067DBDCABE61793B26B5 /* ThreadListMappingTests.swift */; };
		20C85B3C748159B0B528AF6E /* HostSettingsStore.swift in Sources */ = {isa = PBXBuildFile; fileRef = 8A41544D2CBD2C298312F3D3 /* HostSettingsStore.swift */; };
		24830113F0217C6DEC1EA844 /* ThreadEventNormalizerTests.swift in Sources */ = {isa = PBXBuildFile; fileRef = 3DC48CE0A2682B2B0F223F12 /* ThreadEventNormalizerTests.swift */; };
		26596DA66B5E0E175F1F0B36 /* RelayDiscovery.swift in Sources */ = {isa = PBXBuildFile; fileRef = 9B519B818482A64DB1E24B72 /* RelayDiscovery.swift */; };
		2C45950B4F9D80882CC39CB7 /* RelayRealtimeTranscriptionClient.swift in Sources */ = {isa = PBXBuildFile; fileRef = 6CBAEDADA8F53259E8A3C3F9 /* RelayRealtimeTranscriptionClient.swift */; };
		2D6C12E3188A04C29C5B5E77 /* CodexDockConstants.swift in Sources */ = {isa = PBXBuildFile; fileRef = 66222A9C2D2D0160A6516334 /* CodexDockConstants.swift */; };
		2F53F8DB6FBC949AA2AF3A96 /* RelayBootstrapStore.swift in Sources */ = {isa = PBXBuildFile; fileRef = CD386E730F3CFC73F11ED939 /* RelayBootstrapStore.swift */; };
		3101E586A0F08E291A67103D /* ArchiveView.swift in Sources */ = {isa = PBXBuildFile; fileRef = 54671D3A6F294D5E4280D81E /* ArchiveView.swift */; };
		36AEAB0D1C020E6383F9FB5A /* TranscriptionService.swift in Sources */ = {isa = PBXBuildFile; fileRef = BBB8A0894987E6B3EEDB7A78 /* TranscriptionService.swift */; };
		3AB27D218C22102A68404C7D /* ThreadEvent.swift in Sources */ = {isa = PBXBuildFile; fileRef = 37232256608F5A94E813243A /* ThreadEvent.swift */; };
		43CB12A8A3DF95391ADD2533 /* ServerRequestCard.swift in Sources */ = {isa = PBXBuildFile; fileRef = D6F98E6722B55832F8AB7E27 /* ServerRequestCard.swift */; };
		45667271A740635F7DA6A495 /* CodexDock.framework in Embed Frameworks */ = {isa = PBXBuildFile; fileRef = 95A38808257E490A715D32C2 /* CodexDock.framework */; settings = {ATTRIBUTES = (CodeSignOnCopy, RemoveHeadersOnCopy, ); }; };
		46EE01D2F9B72B3561BED5BF /* ArchiveSessionProjector.swift in Sources */ = {isa = PBXBuildFile; fileRef = 0F10974BD19C78CD0EB7C143 /* ArchiveSessionProjector.swift */; };
		486650859FCE02D4B036B60B /* DockView.swift in Sources */ = {isa = PBXBuildFile; fileRef = 4A92948E4571E0CEE65CAE35 /* DockView.swift */; };
		48D9A54C1E505B0CC65E4654 /* CodexDockApp.swift in Sources */ = {isa = PBXBuildFile; fileRef = 9FACDCA51DD66D50C6A6F145 /* CodexDockApp.swift */; };
		4D9CD10593ABDDD5F6E74BD9 /* ThreadDetailDTO.swift in Sources */ = {isa = PBXBuildFile; fileRef = ECA148D7F9C96BD5EDF6D709 /* ThreadDetailDTO.swift */; };
		525C4D2542BCD14F9EFDE571 /* JSONRPC.swift in Sources */ = {isa = PBXBuildFile; fileRef = F9C4FD936A8FB869F14F7F61 /* JSONRPC.swift */; };
		54185947D767A9A31E000AB1 /* CodexDock.framework in Frameworks */ = {isa = PBXBuildFile; fileRef = 95A38808257E490A715D32C2 /* CodexDock.framework */; };
		5B5103973B19887BEA32843D /* HostRegistry.swift in Sources */ = {isa = PBXBuildFile; fileRef = 26B07B009451AB1728472ADB /* HostRegistry.swift */; };
		5CA4A978F96296E0BD98EF3E /* ThreadDetailStoreLifecycleTests.swift in Sources */ = {isa = PBXBuildFile; fileRef = 35E7D89A1C77852FAEB08A81 /* ThreadDetailStoreLifecycleTests.swift */; };
		5F045E715AFE5F40D383E82D /* SessionDetailView.swift in Sources */ = {isa = PBXBuildFile; fileRef = 3AC280DBF1FD9245AD8CD686 /* SessionDetailView.swift */; };
		66B4D8E81463A010CA6FCC9E /* DockStoreTestSupport.swift in Sources */ = {isa = PBXBuildFile; fileRef = 4C2487F4A96FAA50B85C1744 /* DockStoreTestSupport.swift */; };
		68A4924EA66B7E73782296C8 /* SessionSummary.swift in Sources */ = {isa = PBXBuildFile; fileRef = 23406F25CA882A60E01CB56E /* SessionSummary.swift */; };
		6B62194AAF786F06DEAB123A /* DockStoreTests.swift in Sources */ = {isa = PBXBuildFile; fileRef = 2E8613594609B20254A5CA44 /* DockStoreTests.swift */; };
		6D5E2B1582C73AADFE209E1D /* VoiceCaptureControllerTests.swift in Sources */ = {isa = PBXBuildFile; fileRef = FCC83E79154B50CD8B568FB4 /* VoiceCaptureControllerTests.swift */; };
		707028C4833C4EDF781F645F /* AppLifecycleCoordinatorTests.swift in Sources */ = {isa = PBXBuildFile; fileRef = 6A2FB5E493FCFDB443D53EB2 /* AppLifecycleCoordinatorTests.swift */; };
		715D24A6FE0389A4DF3B207C /* CodexDockAutomationSmokeTests.swift in Sources */ = {isa = PBXBuildFile; fileRef = 8BDD9186F027807209C9C257 /* CodexDockAutomationSmokeTests.swift */; };
		7430376B939E3611D67885F0 /* AppServerDockClient.swift in Sources */ = {isa = PBXBuildFile; fileRef = D76ACB118C0AE566FE1705F5 /* AppServerDockClient.swift */; };
		74C104A7F7207E4AF17272C5 /* DockSessionProjection.swift in Sources */ = {isa = PBXBuildFile; fileRef = 9C81305AA09AC5FF83868663 /* DockSessionProjection.swift */; };
		7620B7A25D86E81210477475 /* AppServerClient.swift in Sources */ = {isa = PBXBuildFile; fileRef = ABDB5847612728C391956985 /* AppServerClient.swift */; };
		763F61037E061541DFDC5EC7 /* ThreadDetailStoreTestSupport.swift in Sources */ = {isa = PBXBuildFile; fileRef = 9AEFC520C4BAC0B3AE2B1174 /* ThreadDetailStoreTestSupport.swift */; };
		7AF96D0A47BCA693F3A69031 /* AppConnectivityStoreTests.swift in Sources */ = {isa = PBXBuildFile; fileRef = A210B5FEF921CE9BD7B07766 /* AppConnectivityStoreTests.swift */; };
		7B25578066AF31343072FDB2 /* CodexDockBootstrapView.swift in Sources */ = {isa = PBXBuildFile; fileRef = 3C5D41B7D2FF05EE75C975E6 /* CodexDockBootstrapView.swift */; };
		804101052873E16E35EA46C3 /* AppConnectivityStore.swift in Sources */ = {isa = PBXBuildFile; fileRef = 0AC49015E8B9106FA9F6FBD7 /* AppConnectivityStore.swift */; };
		8825645412ACF402887DF691 /* VoiceCaptureController.swift in Sources */ = {isa = PBXBuildFile; fileRef = 74E0150C92A43EF9216A31F1 /* VoiceCaptureController.swift */; };
		8A21B73F18333A33FEA9DA97 /* CodexDock.framework in Frameworks */ = {isa = PBXBuildFile; fileRef = 95A38808257E490A715D32C2 /* CodexDock.framework */; };
		8C3C7A78B136227B1485019D /* DockSharedViews.swift in Sources */ = {isa = PBXBuildFile; fileRef = FA43C7C5E471419A46890F20 /* DockSharedViews.swift */; };
		9279CDE0719C660E44CE9AE6 /* HostsView.swift in Sources */ = {isa = PBXBuildFile; fileRef = 7DD37C0E0D19E2FFE67D356E /* HostsView.swift */; };
		948497183F2A3F44DEBFB7C0 /* CodexDock.framework in Frameworks */ = {isa = PBXBuildFile; fileRef = 95A38808257E490A715D32C2 /* CodexDock.framework */; };
		9831B949551783839A91AFA5 /* AutomationID.swift in Sources */ = {isa = PBXBuildFile; fileRef = 870C8C923D6F72E707AFC7A6 /* AutomationID.swift */; };
		99B452E9A8D07C40003708BF /* ThreadDetailStore.swift in Sources */ = {isa = PBXBuildFile; fileRef = 9D0EBB21C932928CC08AEA0D /* ThreadDetailStore.swift */; };
		A0649B72566F4EFCAB2996F2 /* ThreadDetailStore+Voice.swift in Sources */ = {isa = PBXBuildFile; fileRef = 21007B26E118AEEE5C48CD44 /* ThreadDetailStore+Voice.swift */; };
		AEAC4E8DC982EB5144DAAAC2 /* LocalThreadMetadataStore.swift in Sources */ = {isa = PBXBuildFile; fileRef = 5DC52B300359BB6026278F44 /* LocalThreadMetadataStore.swift */; };
		AFB23D080B791C3F8AF2B1A7 /* MetricKitDiagnosticsReporter.swift in Sources */ = {isa = PBXBuildFile; fileRef = C281E2BC7148818E81A05BDD /* MetricKitDiagnosticsReporter.swift */; };
		B4E71CB3F1ADF7135B61CB21 /* DockStoreScopeTests.swift in Sources */ = {isa = PBXBuildFile; fileRef = D8389C4E022FA4A849D599C5 /* DockStoreScopeTests.swift */; };
		B67F53656DBBB5DAAFBE8051 /* DockGroupRows.swift in Sources */ = {isa = PBXBuildFile; fileRef = A590A4B3617FA9C7D793CF50 /* DockGroupRows.swift */; };
		BD5559D45BCDA5E6D68317D1 /* DockConfigurationTests.swift in Sources */ = {isa = PBXBuildFile; fileRef = 20C2BA989B12A434DA92B379 /* DockConfigurationTests.swift */; };
		C0EDF99FE379CF1EFB1E9135 /* Logging.swift in Sources */ = {isa = PBXBuildFile; fileRef = 6ABFCDF94C9EEDD90AB8BD72 /* Logging.swift */; };
		C663F895F61264791DC37F58 /* RealtimeTranscriptionDTO.swift in Sources */ = {isa = PBXBuildFile; fileRef = D2906879671992EF2A2FF563 /* RealtimeTranscriptionDTO.swift */; };
		D04A2A41E6D1672534665C4A /* ComposerView.swift in Sources */ = {isa = PBXBuildFile; fileRef = 056F8C4CC7919C3F3EE29D9F /* ComposerView.swift */; };
		D1510D6CA7B7B44EDBB04A96 /* ThreadListDTO.swift in Sources */ = {isa = PBXBuildFile; fileRef = D5070CB2076B611D53150818 /* ThreadListDTO.swift */; };
		D196BBABCC37BD977E49D040 /* ThreadMessageListView.swift in Sources */ = {isa = PBXBuildFile; fileRef = 5A88532EFDA6E7D5544BB9EE /* ThreadMessageListView.swift */; };
		D265D19D042CE35098EF5521 /* AppServerClientTests.swift in Sources */ = {isa = PBXBuildFile; fileRef = FABBE94F4FF90D41C42F5683 /* AppServerClientTests.swift */; };
		D35F6F371609F8CE905FBC36 /* ComposerVoiceControlsPresentationTests.swift in Sources */ = {isa = PBXBuildFile; fileRef = 08704B25134B1064DED004F8 /* ComposerVoiceControlsPresentationTests.swift */; };
		D87C88DC31B028EAA0DF9B92 /* SessionRowProjector.swift in Sources */ = {isa = PBXBuildFile; fileRef = 14D8A7B3E30C284A3103344B /* SessionRowProjector.swift */; };
		DDB0A03F1EBE149E4FD5FB06 /* DockStoreTestsProjection.swift in Sources */ = {isa = PBXBuildFile; fileRef = 7BE68995BF09EC103770E8F3 /* DockStoreTestsProjection.swift */; };
		E2000FC36D2227D461E5DD2F /* DockFilterSurfaceView.swift in Sources */ = {isa = PBXBuildFile; fileRef = EB38D84A51C0B2DFCD81D1B1 /* DockFilterSurfaceView.swift */; };
		E259E29A4592D3BF153F087F /* ServerRequestCardTests.swift in Sources */ = {isa = PBXBuildFile; fileRef = D6FC9B9483DB6F49A90F5EC0 /* ServerRequestCardTests.swift */; };
		E5FFD254DE0F4973C405B626 /* AppServerHostConnector.swift in Sources */ = {isa = PBXBuildFile; fileRef = 5C93AD4A7645A6C045D62908 /* AppServerHostConnector.swift */; };
		E6AB5F0143D40FE4C4AD699F /* AutomationIDTests.swift in Sources */ = {isa = PBXBuildFile; fileRef = 4FBFECB63661C31C8C327364 /* AutomationIDTests.swift */; };
		E88D5BF2DC414497611228C9 /* GlobalConnectivityIndicatorView.swift in Sources */ = {isa = PBXBuildFile; fileRef = A0200A7C5EC37FC0A7ABCDA6 /* GlobalConnectivityIndicatorView.swift */; };
		E8B4F584399DE2B51D9E3B1A /* DockHostConfiguration.swift in Sources */ = {isa = PBXBuildFile; fileRef = 52C72CBCF6924E26CAC9D3AE /* DockHostConfiguration.swift */; };
		F11E5071EA0DA1EA4CC4A2D1 /* DiagnosticsLoggingTests.swift in Sources */ = {isa = PBXBuildFile; fileRef = E31AB3877106E108F7A6ECE7 /* DiagnosticsLoggingTests.swift */; };
		F2F6C61CD4A8F9EAFBD8B174 /* CodexDock.framework in Embed Frameworks */ = {isa = PBXBuildFile; fileRef = 95A38808257E490A715D32C2 /* CodexDock.framework */; settings = {ATTRIBUTES = (CodeSignOnCopy, RemoveHeadersOnCopy, ); }; };
		F8EC4DFA76E5BB5676615A0F /* CodexDock.framework in Embed Frameworks */ = {isa = PBXBuildFile; fileRef = 95A38808257E490A715D32C2 /* CodexDock.framework */; settings = {ATTRIBUTES = (CodeSignOnCopy, RemoveHeadersOnCopy, ); }; };
		FCCB528C1F9D039F37EA63F2 /* Assets.xcassets in Resources */ = {isa = PBXBuildFile; fileRef = 2E1924934DAB8EC15214B207 /* Assets.xcassets */; };
		FEA3427B9E20A65467D79334 /* SessionSummaryMapper.swift in Sources */ = {isa = PBXBuildFile; fileRef = 95146D412CB7EB8AAFF12FCC /* SessionSummaryMapper.swift */; };
/* End PBXBuildFile section */

/* Begin PBXContainerItemProxy section */
		20B4B36215944A681A99AF48 /* PBXContainerItemProxy */ = {
			isa = PBXContainerItemProxy;
			containerPortal = 8D5AF048B456EAB06428F169 /* Project object */;
			proxyType = 1;
			remoteGlobalIDString = AFB39884AF01092F386A0061;
			remoteInfo = CodexDock;
		};
		4EB0A00228EA3BEE04E6325E /* PBXContainerItemProxy */ = {
			isa = PBXContainerItemProxy;
			containerPortal = 8D5AF048B456EAB06428F169 /* Project object */;
			proxyType = 1;
			remoteGlobalIDString = AFB39884AF01092F386A0061;
			remoteInfo = CodexDock;
		};
		5C3D07B873A2F7B6297E19C2 /* PBXContainerItemProxy */ = {
			isa = PBXContainerItemProxy;
			containerPortal = 8D5AF048B456EAB06428F169 /* Project object */;
			proxyType = 1;
			remoteGlobalIDString = AFB39884AF01092F386A0061;
			remoteInfo = CodexDock;
		};
		B2D8A550EF791866B5A800D6 /* PBXContainerItemProxy */ = {
			isa = PBXContainerItemProxy;
			containerPortal = 8D5AF048B456EAB06428F169 /* Project object */;
			proxyType = 1;
			remoteGlobalIDString = 1B43F1F1D80974244330CF93;
			remoteInfo = CodexDockApp;
		};
/* End PBXContainerItemProxy section */

/* Begin PBXCopyFilesBuildPhase section */
		40644AD8E9A49703F66D9026 /* Embed Frameworks */ = {
			isa = PBXCopyFilesBuildPhase;
			buildActionMask = 2147483647;
			dstPath = "";
			dstSubfolderSpec = 10;
			files = (
				F8EC4DFA76E5BB5676615A0F /* CodexDock.framework in Embed Frameworks */,
			);
			name = "Embed Frameworks";
			runOnlyForDeploymentPostprocessing = 0;
		};
		4AF83B01873711FB222C5456 /* Embed Frameworks */ = {
			isa = PBXCopyFilesBuildPhase;
			buildActionMask = 2147483647;
			dstPath = "";
			dstSubfolderSpec = 10;
			files = (
				45667271A740635F7DA6A495 /* CodexDock.framework in Embed Frameworks */,
			);
			name = "Embed Frameworks";
			runOnlyForDeploymentPostprocessing = 0;
		};
		D6089F03398276D880C30234 /* Embed Frameworks */ = {
			isa = PBXCopyFilesBuildPhase;
			buildActionMask = 2147483647;
			dstPath = "";
			dstSubfolderSpec = 10;
			files = (
				F2F6C61CD4A8F9EAFBD8B174 /* CodexDock.framework in Embed Frameworks */,
			);
			name = "Embed Frameworks";
			runOnlyForDeploymentPostprocessing = 0;
		};
/* End PBXCopyFilesBuildPhase section */

/* Begin PBXFileReference section */
		0549BF0ED081727D34323CBA /* TurnDTO.swift */ = {isa = PBXFileReference; lastKnownFileType = sourcecode.swift; path = TurnDTO.swift; sourceTree = "<group>"; };
		056F8C4CC7919C3F3EE29D9F /* ComposerView.swift */ = {isa = PBXFileReference; lastKnownFileType = sourcecode.swift; path = ComposerView.swift; sourceTree = "<group>"; };
		08704B25134B1064DED004F8 /* ComposerVoiceControlsPresentationTests.swift */ = {isa = PBXFileReference; lastKnownFileType = sourcecode.swift; path = ComposerVoiceControlsPresentationTests.swift; sourceTree = "<group>"; };
		0AC49015E8B9106FA9F6FBD7 /* AppConnectivityStore.swift */ = {isa = PBXFileReference; lastKnownFileType = sourcecode.swift; path = AppConnectivityStore.swift; sourceTree = "<group>"; };
		0F10974BD19C78CD0EB7C143 /* ArchiveSessionProjector.swift */ = {isa = PBXFileReference; lastKnownFileType = sourcecode.swift; path = ArchiveSessionProjector.swift; sourceTree = "<group>"; };
		14D8A7B3E30C284A3103344B /* SessionRowProjector.swift */ = {isa = PBXFileReference; lastKnownFileType = sourcecode.swift; path = SessionRowProjector.swift; sourceTree = "<group>"; };
		20C2BA989B12A434DA92B379 /* DockConfigurationTests.swift */ = {isa = PBXFileReference; lastKnownFileType = sourcecode.swift; path = DockConfigurationTests.swift; sourceTree = "<group>"; };
		21007B26E118AEEE5C48CD44 /* ThreadDetailStore+Voice.swift */ = {isa = PBXFileReference; lastKnownFileType = sourcecode.swift; path = "ThreadDetailStore+Voice.swift"; sourceTree = "<group>"; };
		23406F25CA882A60E01CB56E /* SessionSummary.swift */ = {isa = PBXFileReference; lastKnownFileType = sourcecode.swift; path = SessionSummary.swift; sourceTree = "<group>"; };
		26B07B009451AB1728472ADB /* HostRegistry.swift */ = {isa = PBXFileReference; lastKnownFileType = sourcecode.swift; path = HostRegistry.swift; sourceTree = "<group>"; };
		2E1924934DAB8EC15214B207 /* Assets.xcassets */ = {isa = PBXFileReference; lastKnownFileType = folder.assetcatalog; path = Assets.xcassets; sourceTree = "<group>"; };
		2E8613594609B20254A5CA44 /* DockStoreTests.swift */ = {isa = PBXFileReference; lastKnownFileType = sourcecode.swift; path = DockStoreTests.swift; sourceTree = "<group>"; };
		35E7D89A1C77852FAEB08A81 /* ThreadDetailStoreLifecycleTests.swift */ = {isa = PBXFileReference; lastKnownFileType = sourcecode.swift; path = ThreadDetailStoreLifecycleTests.swift; sourceTree = "<group>"; };
		37232256608F5A94E813243A /* ThreadEvent.swift */ = {isa = PBXFileReference; lastKnownFileType = sourcecode.swift; path = ThreadEvent.swift; sourceTree = "<group>"; };
		3AC280DBF1FD9245AD8CD686 /* SessionDetailView.swift */ = {isa = PBXFileReference; lastKnownFileType = sourcecode.swift; path = SessionDetailView.swift; sourceTree = "<group>"; };
		3C5D41B7D2FF05EE75C975E6 /* CodexDockBootstrapView.swift */ = {isa = PBXFileReference; lastKnownFileType = sourcecode.swift; path = CodexDockBootstrapView.swift; sourceTree = "<group>"; };
		3DC48CE0A2682B2B0F223F12 /* ThreadEventNormalizerTests.swift */ = {isa = PBXFileReference; lastKnownFileType = sourcecode.swift; path = ThreadEventNormalizerTests.swift; sourceTree = "<group>"; };
		3F035F07B0BBC9BE740ED620 /* AppServerThreadDetailSession.swift */ = {isa = PBXFileReference; lastKnownFileType = sourcecode.swift; path = AppServerThreadDetailSession.swift; sourceTree = "<group>"; };
		40F2C9EC21D726E41BCE5221 /* CodexDockUITests.xctest */ = {isa = PBXFileReference; includeInIndex = 0; lastKnownFileType = wrapper.cfbundle; path = CodexDockUITests.xctest; sourceTree = BUILT_PRODUCTS_DIR; };
		4487067DBDCABE61793B26B5 /* ThreadListMappingTests.swift */ = {isa = PBXFileReference; lastKnownFileType = sourcecode.swift; path = ThreadListMappingTests.swift; sourceTree = "<group>"; };
		4A92948E4571E0CEE65CAE35 /* DockView.swift */ = {isa = PBXFileReference; lastKnownFileType = sourcecode.swift; path = DockView.swift; sourceTree = "<group>"; };
		4C2487F4A96FAA50B85C1744 /* DockStoreTestSupport.swift */ = {isa = PBXFileReference; lastKnownFileType = sourcecode.swift; path = DockStoreTestSupport.swift; sourceTree = "<group>"; };
		4FBFECB63661C31C8C327364 /* AutomationIDTests.swift */ = {isa = PBXFileReference; lastKnownFileType = sourcecode.swift; path = AutomationIDTests.swift; sourceTree = "<group>"; };
		52C72CBCF6924E26CAC9D3AE /* DockHostConfiguration.swift */ = {isa = PBXFileReference; lastKnownFileType = sourcecode.swift; path = DockHostConfiguration.swift; sourceTree = "<group>"; };
		54671D3A6F294D5E4280D81E /* ArchiveView.swift */ = {isa = PBXFileReference; lastKnownFileType = sourcecode.swift; path = ArchiveView.swift; sourceTree = "<group>"; };
		5A88532EFDA6E7D5544BB9EE /* ThreadMessageListView.swift */ = {isa = PBXFileReference; lastKnownFileType = sourcecode.swift; path = ThreadMessageListView.swift; sourceTree = "<group>"; };
		5C93AD4A7645A6C045D62908 /* AppServerHostConnector.swift */ = {isa = PBXFileReference; lastKnownFileType = sourcecode.swift; path = AppServerHostConnector.swift; sourceTree = "<group>"; };
		5DC52B300359BB6026278F44 /* LocalThreadMetadataStore.swift */ = {isa = PBXFileReference; lastKnownFileType = sourcecode.swift; path = LocalThreadMetadataStore.swift; sourceTree = "<group>"; };
		66222A9C2D2D0160A6516334 /* CodexDockConstants.swift */ = {isa = PBXFileReference; lastKnownFileType = sourcecode.swift; path = CodexDockConstants.swift; sourceTree = "<group>"; };
		6A2FB5E493FCFDB443D53EB2 /* AppLifecycleCoordinatorTests.swift */ = {isa = PBXFileReference; lastKnownFileType = sourcecode.swift; path = AppLifecycleCoordinatorTests.swift; sourceTree = "<group>"; };
		6ABFCDF94C9EEDD90AB8BD72 /* Logging.swift */ = {isa = PBXFileReference; lastKnownFileType = sourcecode.swift; path = Logging.swift; sourceTree = "<group>"; };
		6CBAEDADA8F53259E8A3C3F9 /* RelayRealtimeTranscriptionClient.swift */ = {isa = PBXFileReference; lastKnownFileType = sourcecode.swift; path = RelayRealtimeTranscriptionClient.swift; sourceTree = "<group>"; };
		74E0150C92A43EF9216A31F1 /* VoiceCaptureController.swift */ = {isa = PBXFileReference; lastKnownFileType = sourcecode.swift; path = VoiceCaptureController.swift; sourceTree = "<group>"; };
		7A42B2061F9E45C1B6935F08 /* DockStore.swift */ = {isa = PBXFileReference; lastKnownFileType = sourcecode.swift; path = DockStore.swift; sourceTree = "<group>"; };
		7B2F9B8D2B9BB539D75F5CDA /* Info.plist */ = {isa = PBXFileReference; lastKnownFileType = text.plist; path = Info.plist; sourceTree = "<group>"; };
		7BE68995BF09EC103770E8F3 /* DockStoreTestsProjection.swift */ = {isa = PBXFileReference; lastKnownFileType = sourcecode.swift; path = DockStoreTestsProjection.swift; sourceTree = "<group>"; };
		7DD37C0E0D19E2FFE67D356E /* HostsView.swift */ = {isa = PBXFileReference; lastKnownFileType = sourcecode.swift; path = HostsView.swift; sourceTree = "<group>"; };
		870C8C923D6F72E707AFC7A6 /* AutomationID.swift */ = {isa = PBXFileReference; lastKnownFileType = sourcecode.swift; path = AutomationID.swift; sourceTree = "<group>"; };
		8A41544D2CBD2C298312F3D3 /* HostSettingsStore.swift */ = {isa = PBXFileReference; lastKnownFileType = sourcecode.swift; path = HostSettingsStore.swift; sourceTree = "<group>"; };
		8B717287F11303537B392BB6 /* CodexDockApp.app */ = {isa = PBXFileReference; includeInIndex = 0; lastKnownFileType = wrapper.application; path = CodexDockApp.app; sourceTree = BUILT_PRODUCTS_DIR; };
		8BDD9186F027807209C9C257 /* CodexDockAutomationSmokeTests.swift */ = {isa = PBXFileReference; lastKnownFileType = sourcecode.swift; path = CodexDockAutomationSmokeTests.swift; sourceTree = "<group>"; };
		95146D412CB7EB8AAFF12FCC /* SessionSummaryMapper.swift */ = {isa = PBXFileReference; lastKnownFileType = sourcecode.swift; path = SessionSummaryMapper.swift; sourceTree = "<group>"; };
		95A38808257E490A715D32C2 /* CodexDock.framework */ = {isa = PBXFileReference; explicitFileType = wrapper.framework; includeInIndex = 0; path = CodexDock.framework; sourceTree = BUILT_PRODUCTS_DIR; };
		9AEFC520C4BAC0B3AE2B1174 /* ThreadDetailStoreTestSupport.swift */ = {isa = PBXFileReference; lastKnownFileType = sourcecode.swift; path = ThreadDetailStoreTestSupport.swift; sourceTree = "<group>"; };
		9B519B818482A64DB1E24B72 /* RelayDiscovery.swift */ = {isa = PBXFileReference; lastKnownFileType = sourcecode.swift; path = RelayDiscovery.swift; sourceTree = "<group>"; };
		9C81305AA09AC5FF83868663 /* DockSessionProjection.swift */ = {isa = PBXFileReference; lastKnownFileType = sourcecode.swift; path = DockSessionProjection.swift; sourceTree = "<group>"; };
		9D0EBB21C932928CC08AEA0D /* ThreadDetailStore.swift */ = {isa = PBXFileReference; lastKnownFileType = sourcecode.swift; path = ThreadDetailStore.swift; sourceTree = "<group>"; };
		9FACDCA51DD66D50C6A6F145 /* CodexDockApp.swift */ = {isa = PBXFileReference; lastKnownFileType = sourcecode.swift; path = CodexDockApp.swift; sourceTree = "<group>"; };
		A0200A7C5EC37FC0A7ABCDA6 /* GlobalConnectivityIndicatorView.swift */ = {isa = PBXFileReference; lastKnownFileType = sourcecode.swift; path = GlobalConnectivityIndicatorView.swift; sourceTree = "<group>"; };
		A210B5FEF921CE9BD7B07766 /* AppConnectivityStoreTests.swift */ = {isa = PBXFileReference; lastKnownFileType = sourcecode.swift; path = AppConnectivityStoreTests.swift; sourceTree = "<group>"; };
		A590A4B3617FA9C7D793CF50 /* DockGroupRows.swift */ = {isa = PBXFileReference; lastKnownFileType = sourcecode.swift; path = DockGroupRows.swift; sourceTree = "<group>"; };
		ABDB5847612728C391956985 /* AppServerClient.swift */ = {isa = PBXFileReference; lastKnownFileType = sourcecode.swift; path = AppServerClient.swift; sourceTree = "<group>"; };
		ACA75584AA40FC172ED36E9D /* AppServerMethods.swift */ = {isa = PBXFileReference; lastKnownFileType = sourcecode.swift; path = AppServerMethods.swift; sourceTree = "<group>"; };
		BBB8A0894987E6B3EEDB7A78 /* TranscriptionService.swift */ = {isa = PBXFileReference; lastKnownFileType = sourcecode.swift; path = TranscriptionService.swift; sourceTree = "<group>"; };
		C281E2BC7148818E81A05BDD /* MetricKitDiagnosticsReporter.swift */ = {isa = PBXFileReference; lastKnownFileType = sourcecode.swift; path = MetricKitDiagnosticsReporter.swift; sourceTree = "<group>"; };
		CD386E730F3CFC73F11ED939 /* RelayBootstrapStore.swift */ = {isa = PBXFileReference; lastKnownFileType = sourcecode.swift; path = RelayBootstrapStore.swift; sourceTree = "<group>"; };
		D0ED12D9B6DD8F64B1253A01 /* AppLifecycleCoordinator.swift */ = {isa = PBXFileReference; lastKnownFileType = sourcecode.swift; path = AppLifecycleCoordinator.swift; sourceTree = "<group>"; };
		D2906879671992EF2A2FF563 /* RealtimeTranscriptionDTO.swift */ = {isa = PBXFileReference; lastKnownFileType = sourcecode.swift; path = RealtimeTranscriptionDTO.swift; sourceTree = "<group>"; };
		D5070CB2076B611D53150818 /* ThreadListDTO.swift */ = {isa = PBXFileReference; lastKnownFileType = sourcecode.swift; path = ThreadListDTO.swift; sourceTree = "<group>"; };
		D6F98E6722B55832F8AB7E27 /* ServerRequestCard.swift */ = {isa = PBXFileReference; lastKnownFileType = sourcecode.swift; path = ServerRequestCard.swift; sourceTree = "<group>"; };
		D6FC9B9483DB6F49A90F5EC0 /* ServerRequestCardTests.swift */ = {isa = PBXFileReference; lastKnownFileType = sourcecode.swift; path = ServerRequestCardTests.swift; sourceTree = "<group>"; };
		D76ACB118C0AE566FE1705F5 /* AppServerDockClient.swift */ = {isa = PBXFileReference; lastKnownFileType = sourcecode.swift; path = AppServerDockClient.swift; sourceTree = "<group>"; };
		D8389C4E022FA4A849D599C5 /* DockStoreScopeTests.swift */ = {isa = PBXFileReference; lastKnownFileType = sourcecode.swift; path = DockStoreScopeTests.swift; sourceTree = "<group>"; };
		E31AB3877106E108F7A6ECE7 /* DiagnosticsLoggingTests.swift */ = {isa = PBXFileReference; lastKnownFileType = sourcecode.swift; path = DiagnosticsLoggingTests.swift; sourceTree = "<group>"; };
		EB38D84A51C0B2DFCD81D1B1 /* DockFilterSurfaceView.swift */ = {isa = PBXFileReference; lastKnownFileType = sourcecode.swift; path = DockFilterSurfaceView.swift; sourceTree = "<group>"; };
		ECA148D7F9C96BD5EDF6D709 /* ThreadDetailDTO.swift */ = {isa = PBXFileReference; lastKnownFileType = sourcecode.swift; path = ThreadDetailDTO.swift; sourceTree = "<group>"; };
		F50231B3D09A5BFB802F5AC2 /* CodexDockTests.xctest */ = {isa = PBXFileReference; includeInIndex = 0; lastKnownFileType = wrapper.cfbundle; path = CodexDockTests.xctest; sourceTree = BUILT_PRODUCTS_DIR; };
		F9C3D49CF36AB4945916A749 /* ThreadDetailStoreTests.swift */ = {isa = PBXFileReference; lastKnownFileType = sourcecode.swift; path = ThreadDetailStoreTests.swift; sourceTree = "<group>"; };
		F9C4FD936A8FB869F14F7F61 /* JSONRPC.swift */ = {isa = PBXFileReference; lastKnownFileType = sourcecode.swift; path = JSONRPC.swift; sourceTree = "<group>"; };
		FA032FF8D4142A8D3461B7DE /* ArchiveStore.swift */ = {isa = PBXFileReference; lastKnownFileType = sourcecode.swift; path = ArchiveStore.swift; sourceTree = "<group>"; };
		FA43C7C5E471419A46890F20 /* DockSharedViews.swift */ = {isa = PBXFileReference; lastKnownFileType = sourcecode.swift; path = DockSharedViews.swift; sourceTree = "<group>"; };
		FABBE94F4FF90D41C42F5683 /* AppServerClientTests.swift */ = {isa = PBXFileReference; lastKnownFileType = sourcecode.swift; path = AppServerClientTests.swift; sourceTree = "<group>"; };
		FCC83E79154B50CD8B568FB4 /* VoiceCaptureControllerTests.swift */ = {isa = PBXFileReference; lastKnownFileType = sourcecode.swift; path = VoiceCaptureControllerTests.swift; sourceTree = "<group>"; };
/* End PBXFileReference section */

/* Begin PBXFrameworksBuildPhase section */
		334C71E644991630F631D9BD /* Frameworks */ = {
			isa = PBXFrameworksBuildPhase;
			buildActionMask = 2147483647;
			files = (
				948497183F2A3F44DEBFB7C0 /* CodexDock.framework in Frameworks */,
			);
			runOnlyForDeploymentPostprocessing = 0;
		};
		D0911614AF8A154810C788C4 /* Frameworks */ = {
			isa = PBXFrameworksBuildPhase;
			buildActionMask = 2147483647;
			files = (
				8A21B73F18333A33FEA9DA97 /* CodexDock.framework in Frameworks */,
			);
			runOnlyForDeploymentPostprocessing = 0;
		};
		FF17E10A6B71AC6EB98AF897 /* Frameworks */ = {
			isa = PBXFrameworksBuildPhase;
			buildActionMask = 2147483647;
			files = (
				54185947D767A9A31E000AB1 /* CodexDock.framework in Frameworks */,
			);
			runOnlyForDeploymentPostprocessing = 0;
		};
/* End PBXFrameworksBuildPhase section */

/* Begin PBXGroup section */
		076CA8583D9ABCCC644B0E20 /* CodexDockApp */ = {
			isa = PBXGroup;
			children = (
				2E1924934DAB8EC15214B207 /* Assets.xcassets */,
				9FACDCA51DD66D50C6A6F145 /* CodexDockApp.swift */,
				7B2F9B8D2B9BB539D75F5CDA /* Info.plist */,
			);
			path = CodexDockApp;
			sourceTree = "<group>";
		};
		0B93787F8097DBA9481D0913 /* Models */ = {
			isa = PBXGroup;
			children = (
				D6F98E6722B55832F8AB7E27 /* ServerRequestCard.swift */,
				23406F25CA882A60E01CB56E /* SessionSummary.swift */,
				95146D412CB7EB8AAFF12FCC /* SessionSummaryMapper.swift */,
				37232256608F5A94E813243A /* ThreadEvent.swift */,
			);
			path = Models;
			sourceTree = "<group>";
		};
		11B3040EB721DDAFD13AB500 /* Voice */ = {
			isa = PBXGroup;
			children = (
				6CBAEDADA8F53259E8A3C3F9 /* RelayRealtimeTranscriptionClient.swift */,
				BBB8A0894987E6B3EEDB7A78 /* TranscriptionService.swift */,
				74E0150C92A43EF9216A31F1 /* VoiceCaptureController.swift */,
			);
			path = Voice;
			sourceTree = "<group>";
		};
		1A119C6F39398D9549D0E4D3 /* Diagnostics */ = {
			isa = PBXGroup;
			children = (
				6ABFCDF94C9EEDD90AB8BD72 /* Logging.swift */,
				C281E2BC7148818E81A05BDD /* MetricKitDiagnosticsReporter.swift */,
			);
			path = Diagnostics;
			sourceTree = "<group>";
		};
		261FFAD02C9BCF7958847C82 /* CodexDockUITests */ = {
			isa = PBXGroup;
			children = (
				8BDD9186F027807209C9C257 /* CodexDockAutomationSmokeTests.swift */,
			);
			path = CodexDockUITests;
			sourceTree = "<group>";
		};
		306D167EF165D14DD35CA311 /* Automation */ = {
			isa = PBXGroup;
			children = (
				870C8C923D6F72E707AFC7A6 /* AutomationID.swift */,
			);
			path = Automation;
			sourceTree = "<group>";
		};
		4491443AE184FB131E00EC87 /* Session */ = {
			isa = PBXGroup;
			children = (
				056F8C4CC7919C3F3EE29D9F /* ComposerView.swift */,
				3AC280DBF1FD9245AD8CD686 /* SessionDetailView.swift */,
				5A88532EFDA6E7D5544BB9EE /* ThreadMessageListView.swift */,
			);
			path = Session;
			sourceTree = "<group>";
		};
		5377637F2463649CB9B4832A /* CodexDock */ = {
			isa = PBXGroup;
			children = (
				8D315853EAD6988CDE66FA53 /* AppServer */,
				306D167EF165D14DD35CA311 /* Automation */,
				8E0D46D336B13F74948B1046 /* Configuration */,
				1A119C6F39398D9549D0E4D3 /* Diagnostics */,
				BDBD782C35EF338B11A202CB /* Features */,
				0B93787F8097DBA9481D0913 /* Models */,
				A6C057610A8A64491E8094FF /* State */,
				11B3040EB721DDAFD13AB500 /* Voice */,
			);
			path = CodexDock;
			sourceTree = "<group>";
		};
		744F5D9EB69234847EBCBCD2 /* Hosts */ = {
			isa = PBXGroup;
			children = (
				7DD37C0E0D19E2FFE67D356E /* HostsView.swift */,
			);
			path = Hosts;
			sourceTree = "<group>";
		};
		86B032737FFE330916EFE2CD = {
			isa = PBXGroup;
			children = (
				5377637F2463649CB9B4832A /* CodexDock */,
				076CA8583D9ABCCC644B0E20 /* CodexDockApp */,
				E078DC0BD3C087EDB2B9A994 /* CodexDockTests */,
				261FFAD02C9BCF7958847C82 /* CodexDockUITests */,
				CC4BD15D323B3A6F6A4FB089 /* Products */,
			);
			sourceTree = "<group>";
		};
		8D315853EAD6988CDE66FA53 /* AppServer */ = {
			isa = PBXGroup;
			children = (
				ABDB5847612728C391956985 /* AppServerClient.swift */,
				5C93AD4A7645A6C045D62908 /* AppServerHostConnector.swift */,
				ACA75584AA40FC172ED36E9D /* AppServerMethods.swift */,
				F9C4FD936A8FB869F14F7F61 /* JSONRPC.swift */,
				D2906879671992EF2A2FF563 /* RealtimeTranscriptionDTO.swift */,
				ECA148D7F9C96BD5EDF6D709 /* ThreadDetailDTO.swift */,
				D5070CB2076B611D53150818 /* ThreadListDTO.swift */,
				0549BF0ED081727D34323CBA /* TurnDTO.swift */,
			);
			path = AppServer;
			sourceTree = "<group>";
		};
		8E0D46D336B13F74948B1046 /* Configuration */ = {
			isa = PBXGroup;
			children = (
				66222A9C2D2D0160A6516334 /* CodexDockConstants.swift */,
				52C72CBCF6924E26CAC9D3AE /* DockHostConfiguration.swift */,
				26B07B009451AB1728472ADB /* HostRegistry.swift */,
				CD386E730F3CFC73F11ED939 /* RelayBootstrapStore.swift */,
				9B519B818482A64DB1E24B72 /* RelayDiscovery.swift */,
			);
			path = Configuration;
			sourceTree = "<group>";
		};
		A6C057610A8A64491E8094FF /* State */ = {
			isa = PBXGroup;
			children = (
				0AC49015E8B9106FA9F6FBD7 /* AppConnectivityStore.swift */,
				D0ED12D9B6DD8F64B1253A01 /* AppLifecycleCoordinator.swift */,
				D76ACB118C0AE566FE1705F5 /* AppServerDockClient.swift */,
				3F035F07B0BBC9BE740ED620 /* AppServerThreadDetailSession.swift */,
				0F10974BD19C78CD0EB7C143 /* ArchiveSessionProjector.swift */,
				FA032FF8D4142A8D3461B7DE /* ArchiveStore.swift */,
				9C81305AA09AC5FF83868663 /* DockSessionProjection.swift */,
				7A42B2061F9E45C1B6935F08 /* DockStore.swift */,
				8A41544D2CBD2C298312F3D3 /* HostSettingsStore.swift */,
				5DC52B300359BB6026278F44 /* LocalThreadMetadataStore.swift */,
				14D8A7B3E30C284A3103344B /* SessionRowProjector.swift */,
				9D0EBB21C932928CC08AEA0D /* ThreadDetailStore.swift */,
				21007B26E118AEEE5C48CD44 /* ThreadDetailStore+Voice.swift */,
			);
			path = State;
			sourceTree = "<group>";
		};
		BDBD782C35EF338B11A202CB /* Features */ = {
			isa = PBXGroup;
			children = (
				BEA041A04EA4648C85FEBC4B /* Archive */,
				DE4F4B27B349CC95F0F8B851 /* Dock */,
				744F5D9EB69234847EBCBCD2 /* Hosts */,
				4491443AE184FB131E00EC87 /* Session */,
				F26878A1371575F49F8A2CEB /* Status */,
			);
			path = Features;
			sourceTree = "<group>";
		};
		BEA041A04EA4648C85FEBC4B /* Archive */ = {
			isa = PBXGroup;
			children = (
				54671D3A6F294D5E4280D81E /* ArchiveView.swift */,
			);
			path = Archive;
			sourceTree = "<group>";
		};
		CC4BD15D323B3A6F6A4FB089 /* Products */ = {
			isa = PBXGroup;
			children = (
				95A38808257E490A715D32C2 /* CodexDock.framework */,
				8B717287F11303537B392BB6 /* CodexDockApp.app */,
				F50231B3D09A5BFB802F5AC2 /* CodexDockTests.xctest */,
				40F2C9EC21D726E41BCE5221 /* CodexDockUITests.xctest */,
			);
			name = Products;
			sourceTree = "<group>";
		};
		DE4F4B27B349CC95F0F8B851 /* Dock */ = {
			isa = PBXGroup;
			children = (
				3C5D41B7D2FF05EE75C975E6 /* CodexDockBootstrapView.swift */,
				EB38D84A51C0B2DFCD81D1B1 /* DockFilterSurfaceView.swift */,
				A590A4B3617FA9C7D793CF50 /* DockGroupRows.swift */,
				FA43C7C5E471419A46890F20 /* DockSharedViews.swift */,
				4A92948E4571E0CEE65CAE35 /* DockView.swift */,
			);
			path = Dock;
			sourceTree = "<group>";
		};
		E078DC0BD3C087EDB2B9A994 /* CodexDockTests */ = {
			isa = PBXGroup;
			children = (
				A210B5FEF921CE9BD7B07766 /* AppConnectivityStoreTests.swift */,
				6A2FB5E493FCFDB443D53EB2 /* AppLifecycleCoordinatorTests.swift */,
				FABBE94F4FF90D41C42F5683 /* AppServerClientTests.swift */,
				4FBFECB63661C31C8C327364 /* AutomationIDTests.swift */,
				08704B25134B1064DED004F8 /* ComposerVoiceControlsPresentationTests.swift */,
				E31AB3877106E108F7A6ECE7 /* DiagnosticsLoggingTests.swift */,
				20C2BA989B12A434DA92B379 /* DockConfigurationTests.swift */,
				D8389C4E022FA4A849D599C5 /* DockStoreScopeTests.swift */,
				2E8613594609B20254A5CA44 /* DockStoreTests.swift */,
				7BE68995BF09EC103770E8F3 /* DockStoreTestsProjection.swift */,
				4C2487F4A96FAA50B85C1744 /* DockStoreTestSupport.swift */,
				D6FC9B9483DB6F49A90F5EC0 /* ServerRequestCardTests.swift */,
				35E7D89A1C77852FAEB08A81 /* ThreadDetailStoreLifecycleTests.swift */,
				F9C3D49CF36AB4945916A749 /* ThreadDetailStoreTests.swift */,
				9AEFC520C4BAC0B3AE2B1174 /* ThreadDetailStoreTestSupport.swift */,
				3DC48CE0A2682B2B0F223F12 /* ThreadEventNormalizerTests.swift */,
				4487067DBDCABE61793B26B5 /* ThreadListMappingTests.swift */,
				FCC83E79154B50CD8B568FB4 /* VoiceCaptureControllerTests.swift */,
			);
			path = CodexDockTests;
			sourceTree = "<group>";
		};
		F26878A1371575F49F8A2CEB /* Status */ = {
			isa = PBXGroup;
			children = (
				A0200A7C5EC37FC0A7ABCDA6 /* GlobalConnectivityIndicatorView.swift */,
			);
			path = Status;
			sourceTree = "<group>";
		};
/* End PBXGroup section */

/* Begin PBXNativeTarget section */
		1B43F1F1D80974244330CF93 /* CodexDockApp */ = {
			isa = PBXNativeTarget;
			buildConfigurationList = E58BA80152DCE693ED3AB181 /* Build configuration list for PBXNativeTarget "CodexDockApp" */;
			buildPhases = (
				FB1F1A9DFC2283882C5C8A37 /* Sources */,
				D5DC32DDACE2140DA1F4EF5F /* Resources */,
				334C71E644991630F631D9BD /* Frameworks */,
				D6089F03398276D880C30234 /* Embed Frameworks */,
			);
			buildRules = (
			);
			dependencies = (
				0108182720E0E594FD9B73A9 /* PBXTargetDependency */,
			);
			name = CodexDockApp;
			packageProductDependencies = (
			);
			productName = CodexDockApp;
			productReference = 8B717287F11303537B392BB6 /* CodexDockApp.app */;
			productType = "com.apple.product-type.application";
		};
		40CA64A9C9CB32312CA00341 /* CodexDockTests */ = {
			isa = PBXNativeTarget;
			buildConfigurationList = 4977AE76750C910CCEE002AA /* Build configuration list for PBXNativeTarget "CodexDockTests" */;
			buildPhases = (
				0CFC6F2C76F4569EEA0BA2B1 /* Sources */,
				D0911614AF8A154810C788C4 /* Frameworks */,
				4AF83B01873711FB222C5456 /* Embed Frameworks */,
			);
			buildRules = (
			);
			dependencies = (
				4D50ABF9E7473EBBE8A6B44A /* PBXTargetDependency */,
			);
			name = CodexDockTests;
			packageProductDependencies = (
			);
			productName = CodexDockTests;
			productReference = F50231B3D09A5BFB802F5AC2 /* CodexDockTests.xctest */;
			productType = "com.apple.product-type.bundle.unit-test";
		};
		AFB39884AF01092F386A0061 /* CodexDock */ = {
			isa = PBXNativeTarget;
			buildConfigurationList = C3C7D2FB033113B14F8964E3 /* Build configuration list for PBXNativeTarget "CodexDock" */;
			buildPhases = (
				6E5BE5A54D85B4C2FBC87D59 /* Sources */,
			);
			buildRules = (
			);
			dependencies = (
			);
			name = CodexDock;
			packageProductDependencies = (
			);
			productName = CodexDock;
			productReference = 95A38808257E490A715D32C2 /* CodexDock.framework */;
			productType = "com.apple.product-type.framework";
		};
		F17ED81C5BBFE19B4C28A4F9 /* CodexDockUITests */ = {
			isa = PBXNativeTarget;
			buildConfigurationList = 3315B9C82AE3A1BD2C564D9D /* Build configuration list for PBXNativeTarget "CodexDockUITests" */;
			buildPhases = (
				4815A0E47E7AA2CE6DF7791B /* Sources */,
				FF17E10A6B71AC6EB98AF897 /* Frameworks */,
				40644AD8E9A49703F66D9026 /* Embed Frameworks */,
			);
			buildRules = (
			);
			dependencies = (
				688D3BB3236E3879FB2E7202 /* PBXTargetDependency */,
				128FFCA1D18D9C638C132FED /* PBXTargetDependency */,
			);
			name = CodexDockUITests;
			packageProductDependencies = (
			);
			productName = CodexDockUITests;
			productReference = 40F2C9EC21D726E41BCE5221 /* CodexDockUITests.xctest */;
			productType = "com.apple.product-type.bundle.ui-testing";
		};
/* End PBXNativeTarget section */

/* Begin PBXProject section */
		8D5AF048B456EAB06428F169 /* Project object */ = {
			isa = PBXProject;
			attributes = {
				BuildIndependentTargetsInParallel = YES;
				LastUpgradeCheck = 1430;
				TargetAttributes = {
					1B43F1F1D80974244330CF93 = {
						DevelopmentTeam = R6B8KXF3QW;
						ProvisioningStyle = Automatic;
					};
					F17ED81C5BBFE19B4C28A4F9 = {
						TestTargetID = 1B43F1F1D80974244330CF93;
					};
				};
			};
			buildConfigurationList = 0102447A9AEF5A0101FA6522 /* Build configuration list for PBXProject "CodexDock" */;
			developmentRegion = en;
			hasScannedForEncodings = 0;
			knownRegions = (
				Base,
				en,
			);
			mainGroup = 86B032737FFE330916EFE2CD;
			minimizedProjectReferenceProxies = 1;
			preferredProjectObjectVersion = 77;
			productRefGroup = CC4BD15D323B3A6F6A4FB089 /* Products */;
			projectDirPath = "";
			projectRoot = "";
			targets = (
				AFB39884AF01092F386A0061 /* CodexDock */,
				1B43F1F1D80974244330CF93 /* CodexDockApp */,
				40CA64A9C9CB32312CA00341 /* CodexDockTests */,
				F17ED81C5BBFE19B4C28A4F9 /* CodexDockUITests */,
			);
		};
/* End PBXProject section */

/* Begin PBXResourcesBuildPhase section */
		D5DC32DDACE2140DA1F4EF5F /* Resources */ = {
			isa = PBXResourcesBuildPhase;
			buildActionMask = 2147483647;
			files = (
				FCCB528C1F9D039F37EA63F2 /* Assets.xcassets in Resources */,
			);
			runOnlyForDeploymentPostprocessing = 0;
		};
/* End PBXResourcesBuildPhase section */

/* Begin PBXSourcesBuildPhase section */
		0CFC6F2C76F4569EEA0BA2B1 /* Sources */ = {
			isa = PBXSourcesBuildPhase;
			buildActionMask = 2147483647;
			files = (
				7AF96D0A47BCA693F3A69031 /* AppConnectivityStoreTests.swift in Sources */,
				707028C4833C4EDF781F645F /* AppLifecycleCoordinatorTests.swift in Sources */,
				D265D19D042CE35098EF5521 /* AppServerClientTests.swift in Sources */,
				E6AB5F0143D40FE4C4AD699F /* AutomationIDTests.swift in Sources */,
				D35F6F371609F8CE905FBC36 /* ComposerVoiceControlsPresentationTests.swift in Sources */,
				F11E5071EA0DA1EA4CC4A2D1 /* DiagnosticsLoggingTests.swift in Sources */,
				BD5559D45BCDA5E6D68317D1 /* DockConfigurationTests.swift in Sources */,
				B4E71CB3F1ADF7135B61CB21 /* DockStoreScopeTests.swift in Sources */,
				66B4D8E81463A010CA6FCC9E /* DockStoreTestSupport.swift in Sources */,
				6B62194AAF786F06DEAB123A /* DockStoreTests.swift in Sources */,
				DDB0A03F1EBE149E4FD5FB06 /* DockStoreTestsProjection.swift in Sources */,
				E259E29A4592D3BF153F087F /* ServerRequestCardTests.swift in Sources */,
				5CA4A978F96296E0BD98EF3E /* ThreadDetailStoreLifecycleTests.swift in Sources */,
				763F61037E061541DFDC5EC7 /* ThreadDetailStoreTestSupport.swift in Sources */,
				030B4800DCC13C10C117D54D /* ThreadDetailStoreTests.swift in Sources */,
				24830113F0217C6DEC1EA844 /* ThreadEventNormalizerTests.swift in Sources */,
				1E86F12DB4ADEA5C3AE94D88 /* ThreadListMappingTests.swift in Sources */,
				6D5E2B1582C73AADFE209E1D /* VoiceCaptureControllerTests.swift in Sources */,
			);
			runOnlyForDeploymentPostprocessing = 0;
		};
		4815A0E47E7AA2CE6DF7791B /* Sources */ = {
			isa = PBXSourcesBuildPhase;
			buildActionMask = 2147483647;
			files = (
				715D24A6FE0389A4DF3B207C /* CodexDockAutomationSmokeTests.swift in Sources */,
			);
			runOnlyForDeploymentPostprocessing = 0;
		};
		6E5BE5A54D85B4C2FBC87D59 /* Sources */ = {
			isa = PBXSourcesBuildPhase;
			buildActionMask = 2147483647;
			files = (
				804101052873E16E35EA46C3 /* AppConnectivityStore.swift in Sources */,
				08757DA9CF90EECF74468A35 /* AppLifecycleCoordinator.swift in Sources */,
				7620B7A25D86E81210477475 /* AppServerClient.swift in Sources */,
				7430376B939E3611D67885F0 /* AppServerDockClient.swift in Sources */,
				E5FFD254DE0F4973C405B626 /* AppServerHostConnector.swift in Sources */,
				1BFBBBFFA3E7C5115F4B9897 /* AppServerMethods.swift in Sources */,
				0B0323F75A5305EB84D9B0AB /* AppServerThreadDetailSession.swift in Sources */,
				46EE01D2F9B72B3561BED5BF /* ArchiveSessionProjector.swift in Sources */,
				1463EC33BFEF2CA641D47CAE /* ArchiveStore.swift in Sources */,
				3101E586A0F08E291A67103D /* ArchiveView.swift in Sources */,
				9831B949551783839A91AFA5 /* AutomationID.swift in Sources */,
				7B25578066AF31343072FDB2 /* CodexDockBootstrapView.swift in Sources */,
				2D6C12E3188A04C29C5B5E77 /* CodexDockConstants.swift in Sources */,
				D04A2A41E6D1672534665C4A /* ComposerView.swift in Sources */,
				E2000FC36D2227D461E5DD2F /* DockFilterSurfaceView.swift in Sources */,
				B67F53656DBBB5DAAFBE8051 /* DockGroupRows.swift in Sources */,
				E8B4F584399DE2B51D9E3B1A /* DockHostConfiguration.swift in Sources */,
				74C104A7F7207E4AF17272C5 /* DockSessionProjection.swift in Sources */,
				8C3C7A78B136227B1485019D /* DockSharedViews.swift in Sources */,
				08C32D79593965966136996A /* DockStore.swift in Sources */,
				486650859FCE02D4B036B60B /* DockView.swift in Sources */,
				E88D5BF2DC414497611228C9 /* GlobalConnectivityIndicatorView.swift in Sources */,
				5B5103973B19887BEA32843D /* HostRegistry.swift in Sources */,
				20C85B3C748159B0B528AF6E /* HostSettingsStore.swift in Sources */,
				9279CDE0719C660E44CE9AE6 /* HostsView.swift in Sources */,
				525C4D2542BCD14F9EFDE571 /* JSONRPC.swift in Sources */,
				AEAC4E8DC982EB5144DAAAC2 /* LocalThreadMetadataStore.swift in Sources */,
				C0EDF99FE379CF1EFB1E9135 /* Logging.swift in Sources */,
				AFB23D080B791C3F8AF2B1A7 /* MetricKitDiagnosticsReporter.swift in Sources */,
				C663F895F61264791DC37F58 /* RealtimeTranscriptionDTO.swift in Sources */,
				2F53F8DB6FBC949AA2AF3A96 /* RelayBootstrapStore.swift in Sources */,
				26596DA66B5E0E175F1F0B36 /* RelayDiscovery.swift in Sources */,
				2C45950B4F9D80882CC39CB7 /* RelayRealtimeTranscriptionClient.swift in Sources */,
				43CB12A8A3DF95391ADD2533 /* ServerRequestCard.swift in Sources */,
				5F045E715AFE5F40D383E82D /* SessionDetailView.swift in Sources */,
				D87C88DC31B028EAA0DF9B92 /* SessionRowProjector.swift in Sources */,
				68A4924EA66B7E73782296C8 /* SessionSummary.swift in Sources */,
				FEA3427B9E20A65467D79334 /* SessionSummaryMapper.swift in Sources */,
				4D9CD10593ABDDD5F6E74BD9 /* ThreadDetailDTO.swift in Sources */,
				A0649B72566F4EFCAB2996F2 /* ThreadDetailStore+Voice.swift in Sources */,
				99B452E9A8D07C40003708BF /* ThreadDetailStore.swift in Sources */,
				3AB27D218C22102A68404C7D /* ThreadEvent.swift in Sources */,
				D1510D6CA7B7B44EDBB04A96 /* ThreadListDTO.swift in Sources */,
				D196BBABCC37BD977E49D040 /* ThreadMessageListView.swift in Sources */,
				36AEAB0D1C020E6383F9FB5A /* TranscriptionService.swift in Sources */,
				0F359E7574542DEBD9781C15 /* TurnDTO.swift in Sources */,
				8825645412ACF402887DF691 /* VoiceCaptureController.swift in Sources */,
			);
			runOnlyForDeploymentPostprocessing = 0;
		};
		FB1F1A9DFC2283882C5C8A37 /* Sources */ = {
			isa = PBXSourcesBuildPhase;
			buildActionMask = 2147483647;
			files = (
				48D9A54C1E505B0CC65E4654 /* CodexDockApp.swift in Sources */,
			);
			runOnlyForDeploymentPostprocessing = 0;
		};
/* End PBXSourcesBuildPhase section */

/* Begin PBXTargetDependency section */
		0108182720E0E594FD9B73A9 /* PBXTargetDependency */ = {
			isa = PBXTargetDependency;
			target = AFB39884AF01092F386A0061 /* CodexDock */;
			targetProxy = 5C3D07B873A2F7B6297E19C2 /* PBXContainerItemProxy */;
		};
		128FFCA1D18D9C638C132FED /* PBXTargetDependency */ = {
			isa = PBXTargetDependency;
			target = AFB39884AF01092F386A0061 /* CodexDock */;
			targetProxy = 4EB0A00228EA3BEE04E6325E /* PBXContainerItemProxy */;
		};
		4D50ABF9E7473EBBE8A6B44A /* PBXTargetDependency */ = {
			isa = PBXTargetDependency;
			target = AFB39884AF01092F386A0061 /* CodexDock */;
			targetProxy = 20B4B36215944A681A99AF48 /* PBXContainerItemProxy */;
		};
		688D3BB3236E3879FB2E7202 /* PBXTargetDependency */ = {
			isa = PBXTargetDependency;
			target = 1B43F1F1D80974244330CF93 /* CodexDockApp */;
			targetProxy = B2D8A550EF791866B5A800D6 /* PBXContainerItemProxy */;
		};
/* End PBXTargetDependency section */

/* Begin XCBuildConfiguration section */
		42D2DBB9479CFD70F7841D79 /* Debug */ = {
			isa = XCBuildConfiguration;
			buildSettings = {
				ASSETCATALOG_COMPILER_APPICON_NAME = AppIcon;
				ASSETCATALOG_COMPILER_GENERATE_SWIFT_ASSET_SYMBOL_EXTENSIONS = NO;
				CODE_SIGN_IDENTITY = "iPhone Developer";
				CODE_SIGN_STYLE = Automatic;
				DEVELOPMENT_TEAM = R6B8KXF3QW;
				GENERATE_INFOPLIST_FILE = YES;
				INFOPLIST_FILE = CodexDockApp/Info.plist;
				IPHONEOS_DEPLOYMENT_TARGET = 26.0;
				LD_RUNPATH_SEARCH_PATHS = (
					"$(inherited)",
					"@executable_path/Frameworks",
				);
				PRODUCT_BUNDLE_IDENTIFIER = com.aelaguiz.CodexDockApp;
				SDKROOT = iphoneos;
				TARGETED_DEVICE_FAMILY = "1,2";
			};
			name = Debug;
		};
		45FCF079DDE4757A95F08145 /* Release */ = {
			isa = XCBuildConfiguration;
			buildSettings = {
				BUNDLE_LOADER = "$(TEST_HOST)";
				GENERATE_INFOPLIST_FILE = YES;
				IPHONEOS_DEPLOYMENT_TARGET = 26.0;
				LD_RUNPATH_SEARCH_PATHS = (
					"$(inherited)",
					"@executable_path/Frameworks",
					"@loader_path/Frameworks",
				);
				PRODUCT_BUNDLE_IDENTIFIER = com.aelaguiz.CodexDockTests;
				SDKROOT = iphoneos;
				TARGETED_DEVICE_FAMILY = "1,2";
			};
			name = Release;
		};
		49D5871AC1608A3C551895F8 /* Release */ = {
			isa = XCBuildConfiguration;
			buildSettings = {
				BUNDLE_LOADER = "$(TEST_HOST)";
				GENERATE_INFOPLIST_FILE = YES;
				IPHONEOS_DEPLOYMENT_TARGET = 26.0;
				LD_RUNPATH_SEARCH_PATHS = (
					"$(inherited)",
					"@executable_path/Frameworks",
					"@loader_path/Frameworks",
				);
				PRODUCT_BUNDLE_IDENTIFIER = com.aelaguiz.CodexDockUITests;
				SDKROOT = iphoneos;
				TARGETED_DEVICE_FAMILY = "1,2";
				TEST_TARGET_NAME = CodexDockApp;
			};
			name = Release;
		};
		6D4F6FFF226B7AB4E84591D0 /* Release */ = {
			isa = XCBuildConfiguration;
			buildSettings = {
				CODE_SIGN_IDENTITY = "";
				CURRENT_PROJECT_VERSION = 1;
				DEFINES_MODULE = YES;
				DYLIB_COMPATIBILITY_VERSION = 1;
				DYLIB_CURRENT_VERSION = 1;
				DYLIB_INSTALL_NAME_BASE = "@rpath";
				GENERATE_INFOPLIST_FILE = YES;
				INSTALL_PATH = "$(LOCAL_LIBRARY_DIR)/Frameworks";
				IPHONEOS_DEPLOYMENT_TARGET = 26.0;
				LD_RUNPATH_SEARCH_PATHS = (
					"$(inherited)",
					"@executable_path/Frameworks",
				);
				PRODUCT_BUNDLE_IDENTIFIER = com.aelaguiz.CodexDock;
				SDKROOT = iphoneos;
				SKIP_INSTALL = YES;
				TARGETED_DEVICE_FAMILY = "1,2";
				VERSIONING_SYSTEM = "apple-generic";
			};
			name = Release;
		};
		8254C968436D9F1B83A02115 /* Debug */ = {
			isa = XCBuildConfiguration;
			buildSettings = {
				BUNDLE_LOADER = "$(TEST_HOST)";
				GENERATE_INFOPLIST_FILE = YES;
				IPHONEOS_DEPLOYMENT_TARGET = 26.0;
				LD_RUNPATH_SEARCH_PATHS = (
					"$(inherited)",
					"@executable_path/Frameworks",
					"@loader_path/Frameworks",
				);
				PRODUCT_BUNDLE_IDENTIFIER = com.aelaguiz.CodexDockTests;
				SDKROOT = iphoneos;
				TARGETED_DEVICE_FAMILY = "1,2";
			};
			name = Debug;
		};
		887FDAA11A3B2CF82F9B2F55 /* Release */ = {
			isa = XCBuildConfiguration;
			buildSettings = {
				ALWAYS_SEARCH_USER_PATHS = NO;
				CLANG_ANALYZER_NONNULL = YES;
				CLANG_ANALYZER_NUMBER_OBJECT_CONVERSION = YES_AGGRESSIVE;
				CLANG_CXX_LANGUAGE_STANDARD = "gnu++14";
				CLANG_CXX_LIBRARY = "libc++";
				CLANG_ENABLE_MODULES = YES;
				CLANG_ENABLE_OBJC_ARC = YES;
				CLANG_ENABLE_OBJC_WEAK = YES;
				CLANG_WARN_BLOCK_CAPTURE_AUTORELEASING = YES;
				CLANG_WARN_BOOL_CONVERSION = YES;
				CLANG_WARN_COMMA = YES;
				CLANG_WARN_CONSTANT_CONVERSION = YES;
				CLANG_WARN_DEPRECATED_OBJC_IMPLEMENTATIONS = YES;
				CLANG_WARN_DIRECT_OBJC_ISA_USAGE = YES_ERROR;
				CLANG_WARN_DOCUMENTATION_COMMENTS = YES;
				CLANG_WARN_EMPTY_BODY = YES;
				CLANG_WARN_ENUM_CONVERSION = YES;
				CLANG_WARN_INFINITE_RECURSION = YES;
				CLANG_WARN_INT_CONVERSION = YES;
				CLANG_WARN_NON_LITERAL_NULL_CONVERSION = YES;
				CLANG_WARN_OBJC_IMPLICIT_RETAIN_SELF = YES;
				CLANG_WARN_OBJC_LITERAL_CONVERSION = YES;
				CLANG_WARN_OBJC_ROOT_CLASS = YES_ERROR;
				CLANG_WARN_QUOTED_INCLUDE_IN_FRAMEWORK_HEADER = YES;
				CLANG_WARN_RANGE_LOOP_ANALYSIS = YES;
				CLANG_WARN_STRICT_PROTOTYPES = YES;
				CLANG_WARN_SUSPICIOUS_MOVE = YES;
				CLANG_WARN_UNGUARDED_AVAILABILITY = YES_AGGRESSIVE;
				CLANG_WARN_UNREACHABLE_CODE = YES;
				CLANG_WARN__DUPLICATE_METHOD_MATCH = YES;
				COPY_PHASE_STRIP = NO;
				CURRENT_PROJECT_VERSION = 1;
				DEBUG_INFORMATION_FORMAT = "dwarf-with-dsym";
				ENABLE_NS_ASSERTIONS = NO;
				ENABLE_STRICT_OBJC_MSGSEND = YES;
				GCC_C_LANGUAGE_STANDARD = gnu11;
				GCC_NO_COMMON_BLOCKS = YES;
				GCC_WARN_64_TO_32_BIT_CONVERSION = YES;
				GCC_WARN_ABOUT_RETURN_TYPE = YES_ERROR;
				GCC_WARN_UNDECLARED_SELECTOR = YES;
				GCC_WARN_UNINITIALIZED_AUTOS = YES_AGGRESSIVE;
				GCC_WARN_UNUSED_FUNCTION = YES;
				GCC_WARN_UNUSED_VARIABLE = YES;
				IPHONEOS_DEPLOYMENT_TARGET = 26.0;
				MARKETING_VERSION = 0.1.0;
				MTL_ENABLE_DEBUG_INFO = NO;
				MTL_FAST_MATH = YES;
				PRODUCT_NAME = "$(TARGET_NAME)";
				SDKROOT = iphoneos;
				SWIFT_COMPILATION_MODE = wholemodule;
				SWIFT_OPTIMIZATION_LEVEL = "-O";
				SWIFT_VERSION = 6.0;
			};
			name = Release;
		};
		88F0EB1715107244A1FC7AB2 /* Debug */ = {
			isa = XCBuildConfiguration;
			buildSettings = {
				BUNDLE_LOADER = "$(TEST_HOST)";
				GENERATE_INFOPLIST_FILE = YES;
				IPHONEOS_DEPLOYMENT_TARGET = 26.0;
				LD_RUNPATH_SEARCH_PATHS = (
					"$(inherited)",
					"@executable_path/Frameworks",
					"@loader_path/Frameworks",
				);
				PRODUCT_BUNDLE_IDENTIFIER = com.aelaguiz.CodexDockUITests;
				SDKROOT = iphoneos;
				TARGETED_DEVICE_FAMILY = "1,2";
				TEST_TARGET_NAME = CodexDockApp;
			};
			name = Debug;
		};
		9A9EACE17167C8F04CBA6CF0 /* Release */ = {
			isa = XCBuildConfiguration;
			buildSettings = {
				ASSETCATALOG_COMPILER_APPICON_NAME = AppIcon;
				ASSETCATALOG_COMPILER_GENERATE_SWIFT_ASSET_SYMBOL_EXTENSIONS = NO;
				CODE_SIGN_IDENTITY = "iPhone Developer";
				CODE_SIGN_STYLE = Automatic;
				DEVELOPMENT_TEAM = R6B8KXF3QW;
				GENERATE_INFOPLIST_FILE = YES;
				INFOPLIST_FILE = CodexDockApp/Info.plist;
				IPHONEOS_DEPLOYMENT_TARGET = 26.0;
				LD_RUNPATH_SEARCH_PATHS = (
					"$(inherited)",
					"@executable_path/Frameworks",
				);
				PRODUCT_BUNDLE_IDENTIFIER = com.aelaguiz.CodexDockApp;
				SDKROOT = iphoneos;
				TARGETED_DEVICE_FAMILY = "1,2";
			};
			name = Release;
		};
		CB9FB3474AA1E0547C4C28DA /* Debug */ = {
			isa = XCBuildConfiguration;
			buildSettings = {
				CODE_SIGN_IDENTITY = "";
				CURRENT_PROJECT_VERSION = 1;
				DEFINES_MODULE = YES;
				DYLIB_COMPATIBILITY_VERSION = 1;
				DYLIB_CURRENT_VERSION = 1;
				DYLIB_INSTALL_NAME_BASE = "@rpath";
				GENERATE_INFOPLIST_FILE = YES;
				INSTALL_PATH = "$(LOCAL_LIBRARY_DIR)/Frameworks";
				IPHONEOS_DEPLOYMENT_TARGET = 26.0;
				LD_RUNPATH_SEARCH_PATHS = (
					"$(inherited)",
					"@executable_path/Frameworks",
				);
				PRODUCT_BUNDLE_IDENTIFIER = com.aelaguiz.CodexDock;
				SDKROOT = iphoneos;
				SKIP_INSTALL = YES;
				TARGETED_DEVICE_FAMILY = "1,2";
				VERSIONING_SYSTEM = "apple-generic";
			};
			name = Debug;
		};
		F72B3FA45773B6D16883FA38 /* Debug */ = {
			isa = XCBuildConfiguration;
			buildSettings = {
				ALWAYS_SEARCH_USER_PATHS = NO;
				CLANG_ANALYZER_NONNULL = YES;
				CLANG_ANALYZER_NUMBER_OBJECT_CONVERSION = YES_AGGRESSIVE;
				CLANG_CXX_LANGUAGE_STANDARD = "gnu++14";
				CLANG_CXX_LIBRARY = "libc++";
				CLANG_ENABLE_MODULES = YES;
				CLANG_ENABLE_OBJC_ARC = YES;
				CLANG_ENABLE_OBJC_WEAK = YES;
				CLANG_WARN_BLOCK_CAPTURE_AUTORELEASING = YES;
				CLANG_WARN_BOOL_CONVERSION = YES;
				CLANG_WARN_COMMA = YES;
				CLANG_WARN_CONSTANT_CONVERSION = YES;
				CLANG_WARN_DEPRECATED_OBJC_IMPLEMENTATIONS = YES;
				CLANG_WARN_DIRECT_OBJC_ISA_USAGE = YES_ERROR;
				CLANG_WARN_DOCUMENTATION_COMMENTS = YES;
				CLANG_WARN_EMPTY_BODY = YES;
				CLANG_WARN_ENUM_CONVERSION = YES;
				CLANG_WARN_INFINITE_RECURSION = YES;
				CLANG_WARN_INT_CONVERSION = YES;
				CLANG_WARN_NON_LITERAL_NULL_CONVERSION = YES;
				CLANG_WARN_OBJC_IMPLICIT_RETAIN_SELF = YES;
				CLANG_WARN_OBJC_LITERAL_CONVERSION = YES;
				CLANG_WARN_OBJC_ROOT_CLASS = YES_ERROR;
				CLANG_WARN_QUOTED_INCLUDE_IN_FRAMEWORK_HEADER = YES;
				CLANG_WARN_RANGE_LOOP_ANALYSIS = YES;
				CLANG_WARN_STRICT_PROTOTYPES = YES;
				CLANG_WARN_SUSPICIOUS_MOVE = YES;
				CLANG_WARN_UNGUARDED_AVAILABILITY = YES_AGGRESSIVE;
				CLANG_WARN_UNREACHABLE_CODE = YES;
				CLANG_WARN__DUPLICATE_METHOD_MATCH = YES;
				COPY_PHASE_STRIP = NO;
				CURRENT_PROJECT_VERSION = 1;
				DEBUG_INFORMATION_FORMAT = dwarf;
				ENABLE_STRICT_OBJC_MSGSEND = YES;
				ENABLE_TESTABILITY = YES;
				GCC_C_LANGUAGE_STANDARD = gnu11;
				GCC_DYNAMIC_NO_PIC = NO;
				GCC_NO_COMMON_BLOCKS = YES;
				GCC_OPTIMIZATION_LEVEL = 0;
				GCC_PREPROCESSOR_DEFINITIONS = (
					"$(inherited)",
					"DEBUG=1",
				);
				GCC_WARN_64_TO_32_BIT_CONVERSION = YES;
				GCC_WARN_ABOUT_RETURN_TYPE = YES_ERROR;
				GCC_WARN_UNDECLARED_SELECTOR = YES;
				GCC_WARN_UNINITIALIZED_AUTOS = YES_AGGRESSIVE;
				GCC_WARN_UNUSED_FUNCTION = YES;
				GCC_WARN_UNUSED_VARIABLE = YES;
				IPHONEOS_DEPLOYMENT_TARGET = 26.0;
				MARKETING_VERSION = 0.1.0;
				MTL_ENABLE_DEBUG_INFO = INCLUDE_SOURCE;
				MTL_FAST_MATH = YES;
				ONLY_ACTIVE_ARCH = YES;
				PRODUCT_NAME = "$(TARGET_NAME)";
				SDKROOT = iphoneos;
				SWIFT_ACTIVE_COMPILATION_CONDITIONS = DEBUG;
				SWIFT_OPTIMIZATION_LEVEL = "-Onone";
				SWIFT_VERSION = 6.0;
			};
			name = Debug;
		};
/* End XCBuildConfiguration section */

/* Begin XCConfigurationList section */
		0102447A9AEF5A0101FA6522 /* Build configuration list for PBXProject "CodexDock" */ = {
			isa = XCConfigurationList;
			buildConfigurations = (
				F72B3FA45773B6D16883FA38 /* Debug */,
				887FDAA11A3B2CF82F9B2F55 /* Release */,
			);
			defaultConfigurationIsVisible = 0;
			defaultConfigurationName = Debug;
		};
		3315B9C82AE3A1BD2C564D9D /* Build configuration list for PBXNativeTarget "CodexDockUITests" */ = {
			isa = XCConfigurationList;
			buildConfigurations = (
				88F0EB1715107244A1FC7AB2 /* Debug */,
				49D5871AC1608A3C551895F8 /* Release */,
			);
			defaultConfigurationIsVisible = 0;
			defaultConfigurationName = Debug;
		};
		4977AE76750C910CCEE002AA /* Build configuration list for PBXNativeTarget "CodexDockTests" */ = {
			isa = XCConfigurationList;
			buildConfigurations = (
				8254C968436D9F1B83A02115 /* Debug */,
				45FCF079DDE4757A95F08145 /* Release */,
			);
			defaultConfigurationIsVisible = 0;
			defaultConfigurationName = Debug;
		};
		C3C7D2FB033113B14F8964E3 /* Build configuration list for PBXNativeTarget "CodexDock" */ = {
			isa = XCConfigurationList;
			buildConfigurations = (
				CB9FB3474AA1E0547C4C28DA /* Debug */,
				6D4F6FFF226B7AB4E84591D0 /* Release */,
			);
			defaultConfigurationIsVisible = 0;
			defaultConfigurationName = Debug;
		};
		E58BA80152DCE693ED3AB181 /* Build configuration list for PBXNativeTarget "CodexDockApp" */ = {
			isa = XCConfigurationList;
			buildConfigurations = (
				42D2DBB9479CFD70F7841D79 /* Debug */,
				9A9EACE17167C8F04CBA6CF0 /* Release */,
			);
			defaultConfigurationIsVisible = 0;
			defaultConfigurationName = Debug;
		};
/* End XCConfigurationList section */
	};
	rootObject = 8D5AF048B456EAB06428F169 /* Project object */;
}
